
Microsoft Visual Studio Solution File, Format Version 12.00
# Visual Studio 2013
VisualStudioVersion = 12.0.30501.0
MinimumVisualStudioVersion = 10.0.40219.1
Project("{8BC9CEB8-8B4A-11D0-8D11-00A0C91BC942}") = "Workbench", "Workbench\Workbench.vcxproj", "{EAEE0915-409C-42A0-8C54-CC5AF88C3032}"
EndProject
Global
	GlobalSection(SolutionConfigurationPlatforms) = preSolution
		Debug|Win32 = Debug|Win32
		Release|Win32 = Release|Win32
	EndGlobalSection
	GlobalSection(ProjectConfigurationPlatforms) = postSolution
		{EAEE0915-409C-42A0-8C54-CC5AF88C3032}.Debug|Win32.ActiveCfg = Debug|Win32
		{EAEE0915-409C-42A0-8C54-CC5AF88C3032}.Debug|Win32.Build.0 = Debug|Win32
		{EAEE0915-409C-42A0-8C54-CC5AF88C3032}.Release|Win32.ActiveCfg = Release|Win32
		{EAEE0915-409C-42A0-8C54-CC5AF88C3032}.Release|Win32.Build.0 = Release|Win32
	EndGlobalSection
	GlobalSection(SolutionProperties) = preSolution
		HideSolutionNode = FALSE
	EndGlobalSection
EndGlobal
